
Microsoft Visual Studio Solution File, Format Version 12.00
# Visual Studio Version 17
VisualStudioVersion = 17.3.32929.385
MinimumVisualStudioVersion = 10.0.40219.1
Project("{FAE04EC0-301F-11D3-BF4B-00C04F79EFBC}") = "proyectoLBD", "proyectoLBD\proyectoLBD.csproj", "{7F8B99EE-EE95-4EDA-9637-12BD1370D5EE}"
EndProject
Global
	GlobalSection(SolutionConfigurationPlatforms) = preSolution
		Debug|Any CPU = Debug|Any CPU
		Release|Any CPU = Release|Any CPU
	EndGlobalSection
	GlobalSection(ProjectConfigurationPlatforms) = postSolution
		{7F8B99EE-EE95-4EDA-9637-12BD1370D5EE}.Debug|Any CPU.ActiveCfg = Debug|Any CPU
		{7F8B99EE-EE95-4EDA-9637-12BD1370D5EE}.Debug|Any CPU.Build.0 = Debug|Any CPU
		{7F8B99EE-EE95-4EDA-9637-12BD1370D5EE}.Release|Any CPU.ActiveCfg = Release|Any CPU
		{7F8B99EE-EE95-4EDA-9637-12BD1370D5EE}.Release|Any CPU.Build.0 = Release|Any CPU
	EndGlobalSection
	GlobalSection(SolutionProperties) = preSolution
		HideSolutionNode = FALSE
	EndGlobalSection
	GlobalSection(ExtensibilityGlobals) = postSolution
		SolutionGuid = {8089E108-0208-4761-AFE6-6D35A9D2A425}
	EndGlobalSection
EndGlobal
